
Microsoft Visual Studio Solution File, Format Version 12.00
# Visual Studio 15
Project("{FAE04EC0-301F-11D3-BF4B-00C04F79EFBC}") = "VuforiaScripts", "VuforiaScripts.csproj", "{9C7CA686-202E-8FE5-4F78-F3CD8FB85BBA}"
EndProject
Project("{FAE04EC0-301F-11D3-BF4B-00C04F79EFBC}") = "Assembly-CSharp", "Assembly-CSharp.csproj", "{B248A39C-4EFF-AE1E-F4EB-D235BD9ED9E2}"
EndProject
Project("{FAE04EC0-301F-11D3-BF4B-00C04F79EFBC}") = "VuforiaEditorScripts", "VuforiaEditorScripts.csproj", "{C41C8CCE-0F02-E838-B35A-AC9CF788DA77}"
EndProject
Global
	GlobalSection(SolutionConfigurationPlatforms) = preSolution
		Debug|Any CPU = Debug|Any CPU
		Release|Any CPU = Release|Any CPU
	EndGlobalSection
	GlobalSection(ProjectConfigurationPlatforms) = postSolution
		{9C7CA686-202E-8FE5-4F78-F3CD8FB85BBA}.Debug|Any CPU.ActiveCfg = Debug|Any CPU
		{9C7CA686-202E-8FE5-4F78-F3CD8FB85BBA}.Debug|Any CPU.Build.0 = Debug|Any CPU
		{9C7CA686-202E-8FE5-4F78-F3CD8FB85BBA}.Release|Any CPU.ActiveCfg = Release|Any CPU
		{9C7CA686-202E-8FE5-4F78-F3CD8FB85BBA}.Release|Any CPU.Build.0 = Release|Any CPU
		{B248A39C-4EFF-AE1E-F4EB-D235BD9ED9E2}.Debug|Any CPU.ActiveCfg = Debug|Any CPU
		{B248A39C-4EFF-AE1E-F4EB-D235BD9ED9E2}.Debug|Any CPU.Build.0 = Debug|Any CPU
		{B248A39C-4EFF-AE1E-F4EB-D235BD9ED9E2}.Release|Any CPU.ActiveCfg = Release|Any CPU
		{B248A39C-4EFF-AE1E-F4EB-D235BD9ED9E2}.Release|Any CPU.Build.0 = Release|Any CPU
		{C41C8CCE-0F02-E838-B35A-AC9CF788DA77}.Debug|Any CPU.ActiveCfg = Debug|Any CPU
		{C41C8CCE-0F02-E838-B35A-AC9CF788DA77}.Debug|Any CPU.Build.0 = Debug|Any CPU
		{C41C8CCE-0F02-E838-B35A-AC9CF788DA77}.Release|Any CPU.ActiveCfg = Release|Any CPU
		{C41C8CCE-0F02-E838-B35A-AC9CF788DA77}.Release|Any CPU.Build.0 = Release|Any CPU
	EndGlobalSection
	GlobalSection(SolutionProperties) = preSolution
		HideSolutionNode = FALSE
	EndGlobalSection
EndGlobal
